
Microsoft Visual Studio Solution File, Format Version 12.00
# Visual Studio 2012
Project("{FAE04EC0-301F-11D3-BF4B-00C04F79EFBC}") = "WindowsFormsApplication1", "WindowsFormsApplication1\WindowsFormsApplication1.csproj", "{CC41DD30-8605-45CF-B2D1-C506480C47FD}"
EndProject
Global
	GlobalSection(SolutionConfigurationPlatforms) = preSolution
		Debug|Any CPU = Debug|Any CPU
		Release|Any CPU = Release|Any CPU
	EndGlobalSection
	GlobalSection(ProjectConfigurationPlatforms) = postSolution
		{CC41DD30-8605-45CF-B2D1-C506480C47FD}.Debug|Any CPU.ActiveCfg = Debug|Any CPU
		{CC41DD30-8605-45CF-B2D1-C506480C47FD}.Debug|Any CPU.Build.0 = Debug|Any CPU
		{CC41DD30-8605-45CF-B2D1-C506480C47FD}.Release|Any CPU.ActiveCfg = Release|Any CPU
		{CC41DD30-8605-45CF-B2D1-C506480C47FD}.Release|Any CPU.Build.0 = Release|Any CPU
	EndGlobalSection
	GlobalSection(SolutionProperties) = preSolution
		HideSolutionNode = FALSE
	EndGlobalSection
EndGlobal
